
Microsoft Visual Studio Solution File, Format Version 12.00
# Visual Studio Version 17
VisualStudioVersion = 17.2.32516.85
MinimumVisualStudioVersion = 10.0.40219.1
Project("{9A19103F-16F7-4668-BE54-9A1E7A4F7556}") = "Aplicacion_Web2", "Aplicacion_Web2\Aplicacion_Web2.csproj", "{C97A60F5-B061-4037-95BD-8477D6B686B7}"
EndProject
Global
	GlobalSection(SolutionConfigurationPlatforms) = preSolution
		Debug|Any CPU = Debug|Any CPU
		Release|Any CPU = Release|Any CPU
	EndGlobalSection
	GlobalSection(ProjectConfigurationPlatforms) = postSolution
		{C97A60F5-B061-4037-95BD-8477D6B686B7}.Debug|Any CPU.ActiveCfg = Debug|Any CPU
		{C97A60F5-B061-4037-95BD-8477D6B686B7}.Debug|Any CPU.Build.0 = Debug|Any CPU
		{C97A60F5-B061-4037-95BD-8477D6B686B7}.Release|Any CPU.ActiveCfg = Release|Any CPU
		{C97A60F5-B061-4037-95BD-8477D6B686B7}.Release|Any CPU.Build.0 = Release|Any CPU
	EndGlobalSection
	GlobalSection(SolutionProperties) = preSolution
		HideSolutionNode = FALSE
	EndGlobalSection
	GlobalSection(ExtensibilityGlobals) = postSolution
		SolutionGuid = {53C27060-E8F5-4F48-8B7B-169AC0E18F42}
	EndGlobalSection
EndGlobal
